{
  "lockfile_version": "1",
  "packages": {
    "darwin.apple_sdk.frameworks.CoreServices": {
      "resolved": "github:NixOS/nixpkgs/3549532663732bfd89993204d40543e9edaec4f2?narHash=sha256-ud8vcSzJsZ%2FCK%2Br8%2Fv0lyf4yUntVmDq6Z0A41ODfWbE%3D#darwin.apple_sdk.frameworks.CoreServices",
      "source": "nixpkg"
    },
    "elixir@latest": {
      "last_modified": "2024-12-27T03:08:00Z",
      "plugin_version": "0.0.1",
      "resolved": "github:NixOS/nixpkgs/7cc0bff31a3a705d3ac4fdceb030a17239412210#elixir",
      "source": "devbox-search",
      "version": "1.18.1",
      "systems": {
        "aarch64-darwin": {
          "outputs": [
            {
              "name": "out",
              "path": "/nix/store/hdd9x34p0gplcl1bramq80lqi76xrd87-elixir-1.18.1",
              "default": true
            }
          ],
          "store_path": "/nix/store/hdd9x34p0gplcl1bramq80lqi76xrd87-elixir-1.18.1"
        },
        "aarch64-linux": {
          "outputs": [
            {
              "name": "out",
              "path": "/nix/store/a4g29icpil9b1hsniqspz5k110h4df8v-elixir-1.18.1",
              "default": true
            }
          ],
          "store_path": "/nix/store/a4g29icpil9b1hsniqspz5k110h4df8v-elixir-1.18.1"
        },
        "x86_64-darwin": {
          "outputs": [
            {
              "name": "out",
              "path": "/nix/store/b3h6f36zd4gjivb76lvvs6a9bi1mq9q8-elixir-1.18.1",
              "default": true
            }
          ],
          "store_path": "/nix/store/b3h6f36zd4gjivb76lvvs6a9bi1mq9q8-elixir-1.18.1"
        },
        "x86_64-linux": {
          "outputs": [
            {
              "name": "out",
              "path": "/nix/store/3zd200bq28mv3pdbii7rijzmb0gmhhs3-elixir-1.18.1",
              "default": true
            }
          ],
          "store_path": "/nix/store/3zd200bq28mv3pdbii7rijzmb0gmhhs3-elixir-1.18.1"
        }
      }
    },
    "github:NixOS/nixpkgs/nixpkgs-unstable": {
      "resolved": "github:NixOS/nixpkgs/3549532663732bfd89993204d40543e9edaec4f2?lastModified=1742272065&narHash=sha256-ud8vcSzJsZ%2FCK%2Br8%2Fv0lyf4yUntVmDq6Z0A41ODfWbE%3D"
    },
    "postgresql@latest": {
      "last_modified": "2025-03-16T23:54:35Z",
      "plugin_version": "0.0.2",
      "resolved": "github:NixOS/nixpkgs/5d9b5431f967007b3952c057fc92af49a4c5f3b2#postgresql",
      "source": "devbox-search",
      "version": "17.4",
      "systems": {
        "aarch64-darwin": {
          "outputs": [
            {
              "name": "out",
              "path": "/nix/store/pw8nqywmv0rx01sic5p89d8sg2ym1cq3-postgresql-17.4",
              "default": true
            },
            {
              "name": "man",
              "path": "/nix/store/892x7nrcydcax8z88d337436di2kp50j-postgresql-17.4-man",
              "default": true
            },
            {
              "name": "dev",
              "path": "/nix/store/f07mk2fiyb1mawcbwacllfca60c3qz17-postgresql-17.4-dev"
            },
            {
              "name": "doc",
              "path": "/nix/store/w2d65iq22l5nfmxl33v401s40f9sk0r9-postgresql-17.4-doc"
            },
            {
              "name": "lib",
              "path": "/nix/store/x2252h5f8bq8vggqnki4nz9mf3drlffm-postgresql-17.4-lib"
            }
          ],
          "store_path": "/nix/store/pw8nqywmv0rx01sic5p89d8sg2ym1cq3-postgresql-17.4"
        },
        "aarch64-linux": {
          "outputs": [
            {
              "name": "out",
              "path": "/nix/store/3qyphghvw55njd2048kdagd2i3ck2lwr-postgresql-17.4",
              "default": true
            },
            {
              "name": "man",
              "path": "/nix/store/hg3iabq2fjr96bdavzmqfvnya2imw03k-postgresql-17.4-man",
              "default": true
            },
            {
              "name": "doc",
              "path": "/nix/store/1w2hxbpka86hi9xs8vydxqbfcs1a0qgh-postgresql-17.4-doc"
            },
            {
              "name": "lib",
              "path": "/nix/store/jc7jv38lhza1v4p22l8b7nr1yp69c5sm-postgresql-17.4-lib"
            },
            {
              "name": "debug",
              "path": "/nix/store/xf3ldavlfw85mzgx8cj4jh5hwh9ggf0q-postgresql-17.4-debug"
            },
            {
              "name": "dev",
              "path": "/nix/store/0a6mqx00fncp6gvwbmm01ziazpdaakic-postgresql-17.4-dev"
            }
          ],
          "store_path": "/nix/store/3qyphghvw55njd2048kdagd2i3ck2lwr-postgresql-17.4"
        },
        "x86_64-darwin": {
          "outputs": [
            {
              "name": "out",
              "path": "/nix/store/d43lyc6xqwk4k39yzlxb037kchi33fqj-postgresql-17.4",
              "default": true
            },
            {
              "name": "man",
              "path": "/nix/store/7pqsn9z79k7fbilwp0aqadj8ncbga4pv-postgresql-17.4-man",
              "default": true
            },
            {
              "name": "dev",
              "path": "/nix/store/rigq2bcccsf57a69vw0zqv3czqvak9p6-postgresql-17.4-dev"
            },
            {
              "name": "doc",
              "path": "/nix/store/02znrncmdg9l1xdj90m9dl619a1y831a-postgresql-17.4-doc"
            },
            {
              "name": "lib",
              "path": "/nix/store/rkcbd2sb8gaiawx40ydq8xcsp72ff6gj-postgresql-17.4-lib"
            }
          ],
          "store_path": "/nix/store/d43lyc6xqwk4k39yzlxb037kchi33fqj-postgresql-17.4"
        },
        "x86_64-linux": {
          "outputs": [
            {
              "name": "out",
              "path": "/nix/store/fi1qz98nl8q7ddwbbms5xssywn44ackc-postgresql-17.4",
              "default": true
            },
            {
              "name": "man",
              "path": "/nix/store/nq3377crls255rli4qydmcx01fhchdrm-postgresql-17.4-man",
              "default": true
            },
            {
              "name": "debug",
              "path": "/nix/store/ap031b5f59xzgdp1hckbvj6qn00b55rl-postgresql-17.4-debug"
            },
            {
              "name": "dev",
              "path": "/nix/store/2gfhs8b7hq69mn5df6afns8jjqaavw0f-postgresql-17.4-dev"
            },
            {
              "name": "doc",
              "path": "/nix/store/wi5g5zylciygcwnvgv9697gwwjd6r1ma-postgresql-17.4-doc"
            },
            {
              "name": "lib",
              "path": "/nix/store/4mfi1s3cmbwm4059d5qg689m4pj57m4p-postgresql-17.4-lib"
            }
          ],
          "store_path": "/nix/store/fi1qz98nl8q7ddwbbms5xssywn44ackc-postgresql-17.4"
        }
      }
    }
  }
}
